{
  "lockfileVersion": 1,
  "configVersion": 1,
  "workspaces": {
    "": {
      "name": "image-qr-scanner-extension",
      "dependencies": {
        "jsqr": "~1.4.0",
      },
      "devDependencies": {
        "@biomejs/biome": "~2.4.15",
        "@types/bun": "~1.3.14",
        "@types/chrome": "~0.1.42",
        "@types/node": "~22.19.19",
        "@typescript/native-preview": "^7.0.0-dev.20260511.1",
        "zip-bun": "~1.3.8",
      },
    },
  },
  "packages": {
    "@biomejs/biome": ["@biomejs/biome@2.4.15", "", { "optionalDependencies": { "@biomejs/cli-darwin-arm64": "2.4.15", "@biomejs/cli-darwin-x64": "2.4.15", "@biomejs/cli-linux-arm64": "2.4.15", "@biomejs/cli-linux-arm64-musl": "2.4.15", "@biomejs/cli-linux-x64": "2.4.15", "@biomejs/cli-linux-x64-musl": "2.4.15", "@biomejs/cli-win32-arm64": "2.4.15", "@biomejs/cli-win32-x64": "2.4.15" }, "bin": { "biome": "bin/biome" } }, "sha512-j5VH3a/h/HXTKBM50MDMxRCzkeLv9S2XJcW2WgnZT1+xyisi+0bISrXR82gCX+8S9lvK0skEvHJRN+3Ktr2hlw=="],

    "@biomejs/cli-darwin-arm64": ["@biomejs/cli-darwin-arm64@2.4.15", "", { "os": "darwin", "cpu": "arm64" }, "sha512-rF3PPqLq1yoST79zaQbDjVJwsuIeci/O+9bgNmC5QpgOqz6aqYuzA4abyAGx+mgyiDXn4A049xAN8gijbuR1Qg=="],

    "@biomejs/cli-darwin-x64": ["@biomejs/cli-darwin-x64@2.4.15", "", { "os": "darwin", "cpu": "x64" }, "sha512-/5KHXYMfSJs1fNXiX30xFtI8JcCFV6zaVVLxOa0M2sfqBKHkpQhRTv94yxQWxeTY2lzo2OuTlNvPC+hDQt2wcQ=="],

    "@biomejs/cli-linux-arm64": ["@biomejs/cli-linux-arm64@2.4.15", "", { "os": "linux", "cpu": "arm64" }, "sha512-owaAMZD/T4LrD0ELNCk0Km3qrRHuM0X6EAyVE1FSqGY0rbLoiDLrO4Us2tllm6cAeB2Ioa9C2C08NZPdr8+0Ug=="],

    "@biomejs/cli-linux-arm64-musl": ["@biomejs/cli-linux-arm64-musl@2.4.15", "", { "os": "linux", "cpu": "arm64" }, "sha512-ZPcxznxm0pogHBLZhYntyR3sR+MrZjqJIKEr7ZqVen0Rl+P/4upVmfYXjftizi9RoqZntg33fv/1fbdhbYXpEQ=="],

    "@biomejs/cli-linux-x64": ["@biomejs/cli-linux-x64@2.4.15", "", { "os": "linux", "cpu": "x64" }, "sha512-0jj7THz12GbUOLmMibktK6DZjqz2zV64KFxyBtcFTKPiiOIY0a7vns1elpO1dERvxpsZ5ik0oFfz0oGwFde1+g=="],

    "@biomejs/cli-linux-x64-musl": ["@biomejs/cli-linux-x64-musl@2.4.15", "", { "os": "linux", "cpu": "x64" }, "sha512-CNq/9W38SYSH023lfcQ4KKU8K0YX8T//FZUhcgtMMRABDojx5XsMV7jlweAvGSl389wJQB29Qo6Zb/a+jdvt+w=="],

    "@biomejs/cli-win32-arm64": ["@biomejs/cli-win32-arm64@2.4.15", "", { "os": "win32", "cpu": "arm64" }, "sha512-ouhkYdlhp/1GghEJPdWwD/Vi3gQ1nFxuSpMolWsbq3Lsq3QUR4jl6UdhhscdCugKU5vOEuMiJhvKj66O0OCq+w=="],

    "@biomejs/cli-win32-x64": ["@biomejs/cli-win32-x64@2.4.15", "", { "os": "win32", "cpu": "x64" }, "sha512-zBrGq5mx5wwpnow4+2BxUvleDM+GNd4sLbPaMapsSLQLD0NGRCquqPBTgN+7XkUteHvj7M+BstuI8tmnV7+HgQ=="],

    "@types/bun": ["@types/bun@1.3.14", "", { "dependencies": { "bun-types": "1.3.14" } }, "sha512-h1hFqFVcvAvD9j9K7ZW7vd82aSA+rTdznZa+5bwvCwqSB1jmmfLcbIWhOLx1/+boy/xmjgCs/OMUL8hRJSmnPw=="],

    "@types/chrome": ["@types/chrome@0.1.42", "", { "dependencies": { "@types/filesystem": "*", "@types/har-format": "*" } }, "sha512-tdT2roFqGecZZDjA9fUEAINb2STxSPifHMDvY6EfRjNRCjdrs/0FwKt5RCIA9MKMd1arAYZZL3nwEkp6ZLZu2w=="],

    "@types/filesystem": ["@types/filesystem@0.0.36", "", { "dependencies": { "@types/filewriter": "*" } }, "sha512-vPDXOZuannb9FZdxgHnqSwAG/jvdGM8Wq+6N4D/d80z+D4HWH+bItqsZaVRQykAn6WEVeEkLm2oQigyHtgb0RA=="],

    "@types/filewriter": ["@types/filewriter@0.0.33", "", {}, "sha512-xFU8ZXTw4gd358lb2jw25nxY9QAgqn2+bKKjKOYfNCzN4DKCFetK7sPtrlpg66Ywe3vWY9FNxprZawAh9wfJ3g=="],

    "@types/har-format": ["@types/har-format@1.2.16", "", {}, "sha512-fluxdy7ryD3MV6h8pTfTYpy/xQzCFC7m89nOH9y94cNqJ1mDIDPut7MnRHI3F6qRmh/cT2fUjG1MLdCNb4hE9A=="],

    "@types/node": ["@types/node@22.19.19", "", { "dependencies": { "undici-types": "~6.21.0" } }, "sha512-dyh/xO2Fh5bYrfWaaqGrRQQGkNdmYw6AmaAUvYeUMNTWQtvb796ikLdmTchRmOlOiIJ1TDXfWgVx1QkUlQ6Hew=="],

    "@typescript/native-preview": ["@typescript/native-preview@7.0.0-dev.20260518.1", "", { "optionalDependencies": { "@typescript/native-preview-darwin-arm64": "7.0.0-dev.20260518.1", "@typescript/native-preview-darwin-x64": "7.0.0-dev.20260518.1", "@typescript/native-preview-linux-arm": "7.0.0-dev.20260518.1", "@typescript/native-preview-linux-arm64": "7.0.0-dev.20260518.1", "@typescript/native-preview-linux-x64": "7.0.0-dev.20260518.1", "@typescript/native-preview-win32-arm64": "7.0.0-dev.20260518.1", "@typescript/native-preview-win32-x64": "7.0.0-dev.20260518.1" }, "bin": { "tsgo": "bin/tsgo.js" } }, "sha512-aJq3XQBPkL91U0YWPQ4WUzFpfzLmfwWt5tmtzdXaIiPZisqFVeG/uw+2b4e/uL/YhPAQt9OHG0UEIGLNfoiFwA=="],

    "@typescript/native-preview-darwin-arm64": ["@typescript/native-preview-darwin-arm64@7.0.0-dev.20260518.1", "", { "os": "darwin", "cpu": "arm64" }, "sha512-5n6xnR8jsDjrjHkf30hVVzby/cTusPrc0f6S3hQLrTdACC9JejsrHMHV1rRu55gSAIZhhBY0pqvG3/VKB9J0tA=="],

    "@typescript/native-preview-darwin-x64": ["@typescript/native-preview-darwin-x64@7.0.0-dev.20260518.1", "", { "os": "darwin", "cpu": "x64" }, "sha512-zO1lq7F6QskMZOfyQGpvnJF+DtbWtraMF/1srgtu86Yoc3MvRAnidX3R5S6l10d+r153WL0T4A8aMfZNhv2SAQ=="],

    "@typescript/native-preview-linux-arm": ["@typescript/native-preview-linux-arm@7.0.0-dev.20260518.1", "", { "os": "linux", "cpu": "arm" }, "sha512-u2XUYrpqqBoYa+sb80pNURIy7OqIj1sBNecJb3+cGVxKdeBOMT2p7yPlg6ozuZnurAeUSuGwMWt5eekG0QRYVQ=="],

    "@typescript/native-preview-linux-arm64": ["@typescript/native-preview-linux-arm64@7.0.0-dev.20260518.1", "", { "os": "linux", "cpu": "arm64" }, "sha512-V/nLg3BtptWuRJnFUM2wACfZqtkqwC461eb07VabOWTkTEP+ouB7bUWapx6sbb023FiUIk3C3BPK5icjDM7GxA=="],

    "@typescript/native-preview-linux-x64": ["@typescript/native-preview-linux-x64@7.0.0-dev.20260518.1", "", { "os": "linux", "cpu": "x64" }, "sha512-NpG2X1kViy7YRpw54GTanHuoH/hwLywuVvFDnoAitR7zDCGJ7OP2YMyCLMrVJX+aCjz4NPrYqROf9OfdwRyNIw=="],

    "@typescript/native-preview-win32-arm64": ["@typescript/native-preview-win32-arm64@7.0.0-dev.20260518.1", "", { "os": "win32", "cpu": "arm64" }, "sha512-Y7NTZd5yD/FxQLVxQdlK9MdXEsVQFgSOMu24p32kHthFJeVT81TYeMCr6qg0dKWCgOHGEcZtgN3jdmBz0OdaTg=="],

    "@typescript/native-preview-win32-x64": ["@typescript/native-preview-win32-x64@7.0.0-dev.20260518.1", "", { "os": "win32", "cpu": "x64" }, "sha512-bFtq+ynOjZ3zqJSSm0wMFxlstXHoxGhT+dXnj5HihmuGGjrRM5PoNbPZVnpJ4xqAwvx8KHWZchZnpAr+yPgekA=="],

    "bun-types": ["bun-types@1.3.14", "", { "dependencies": { "@types/node": "*" } }, "sha512-4N0ig0fEomHt5R0KCFWjovxow98rIoRwKolrYdCcknNwMekCXRnWEUvgu5soYV8QXtVsrUD8B95MBOZGPvr6KQ=="],

    "jsqr": ["jsqr@1.4.0", "", {}, "sha512-dxLob7q65Xg2DvstYkRpkYtmKm2sPJ9oFhrhmudT1dZvNFFTlroai3AWSpLey/w5vMcLBXRgOJsbXpdN9HzU/A=="],

    "typescript": ["typescript@5.9.3", "", { "bin": { "tsc": "bin/tsc", "tsserver": "bin/tsserver" } }, "sha512-jl1vZzPDinLr9eUt3J/t7V6FgNEw9QjvBPdysz9KfQDD41fQrC2Y4vKQdiaUpFT4bXlb1RHhLpp8wtm6M5TgSw=="],

    "undici-types": ["undici-types@6.21.0", "", {}, "sha512-iwDZqg0QAGrg9Rav5H4n0M64c3mkR59cJ6wQp+7C4nI0gsmExaedaYLNO44eT4AtBBwjbTiGPMlt2Md0T9H9JQ=="],

    "zip-bun": ["zip-bun@1.3.8", "", { "peerDependencies": { "typescript": "^5" } }, "sha512-EOdcnO00pw6kbffQ0OBAAlapZaA7tmVUYmJsV0xAGWvQz85RjINqzbgFQAVifFuo0Y2o7LQFWWCKJXPaa6QvCA=="],
  }
}
